
Microsoft Visual Studio Solution File, Format Version 12.00
# Visual Studio Version 17
VisualStudioVersion = 17.5.002.0
MinimumVisualStudioVersion = 10.0.40219.1
Project("{9A19103F-16F7-4668-BE54-9A1E7A4F7556}") = "IksAdmin", "IksAdmin\IksAdmin.csproj", "{DDFD9ADD-D5A8-4D11-8B38-82055BB641D0}"
EndProject
Project("{9A19103F-16F7-4668-BE54-9A1E7A4F7556}") = "IksAdminApi", "IksAdminApi\IksAdminApi.csproj", "{006BE314-EE19-4263-88E3-0C78E637D26C}"
EndProject
Project("{2150E333-8FDC-42A3-9474-1A3956D46DE8}") = "Modules", "Modules", "{E7E2ED9C-6FEC-4E64-A3D9-660C059D2DE0}"
EndProject
Project("{9A19103F-16F7-4668-BE54-9A1E7A4F7556}") = "IksAdmin_AdminList", "Modules\IksAdmin_AdminList\IksAdmin_AdminList.csproj", "{E50BFE5D-4A94-4740-9CBD-2CA5216AC59F}"
EndProject
Project("{9A19103F-16F7-4668-BE54-9A1E7A4F7556}") = "IksAdmin_SocietyLogs", "Modules\IksAdmin_SocietyLogs\IksAdmin_SocietyLogs.csproj", "{12543DEB-6A0A-453F-B4F8-B87D9A1557DA}"
EndProject
Global
	GlobalSection(SolutionConfigurationPlatforms) = preSolution
		Debug|Any CPU = Debug|Any CPU
		Release|Any CPU = Release|Any CPU
	EndGlobalSection
	GlobalSection(ProjectConfigurationPlatforms) = postSolution
		{DDFD9ADD-D5A8-4D11-8B38-82055BB641D0}.Debug|Any CPU.ActiveCfg = Debug|Any CPU
		{DDFD9ADD-D5A8-4D11-8B38-82055BB641D0}.Debug|Any CPU.Build.0 = Debug|Any CPU
		{DDFD9ADD-D5A8-4D11-8B38-82055BB641D0}.Release|Any CPU.ActiveCfg = Release|Any CPU
		{DDFD9ADD-D5A8-4D11-8B38-82055BB641D0}.Release|Any CPU.Build.0 = Release|Any CPU
		{006BE314-EE19-4263-88E3-0C78E637D26C}.Debug|Any CPU.ActiveCfg = Debug|Any CPU
		{006BE314-EE19-4263-88E3-0C78E637D26C}.Debug|Any CPU.Build.0 = Debug|Any CPU
		{006BE314-EE19-4263-88E3-0C78E637D26C}.Release|Any CPU.ActiveCfg = Release|Any CPU
		{006BE314-EE19-4263-88E3-0C78E637D26C}.Release|Any CPU.Build.0 = Release|Any CPU
		{E50BFE5D-4A94-4740-9CBD-2CA5216AC59F}.Debug|Any CPU.ActiveCfg = Debug|Any CPU
		{E50BFE5D-4A94-4740-9CBD-2CA5216AC59F}.Debug|Any CPU.Build.0 = Debug|Any CPU
		{E50BFE5D-4A94-4740-9CBD-2CA5216AC59F}.Release|Any CPU.ActiveCfg = Release|Any CPU
		{E50BFE5D-4A94-4740-9CBD-2CA5216AC59F}.Release|Any CPU.Build.0 = Release|Any CPU
		{12543DEB-6A0A-453F-B4F8-B87D9A1557DA}.Debug|Any CPU.ActiveCfg = Debug|Any CPU
		{12543DEB-6A0A-453F-B4F8-B87D9A1557DA}.Debug|Any CPU.Build.0 = Debug|Any CPU
		{12543DEB-6A0A-453F-B4F8-B87D9A1557DA}.Release|Any CPU.ActiveCfg = Release|Any CPU
		{12543DEB-6A0A-453F-B4F8-B87D9A1557DA}.Release|Any CPU.Build.0 = Release|Any CPU
	EndGlobalSection
	GlobalSection(SolutionProperties) = preSolution
		HideSolutionNode = FALSE
	EndGlobalSection
	GlobalSection(NestedProjects) = preSolution
		{E50BFE5D-4A94-4740-9CBD-2CA5216AC59F} = {E7E2ED9C-6FEC-4E64-A3D9-660C059D2DE0}
		{12543DEB-6A0A-453F-B4F8-B87D9A1557DA} = {E7E2ED9C-6FEC-4E64-A3D9-660C059D2DE0}
	EndGlobalSection
	GlobalSection(ExtensibilityGlobals) = postSolution
		SolutionGuid = {2C91B3FD-97A7-4582-B014-A909A8C206F2}
	EndGlobalSection
EndGlobal
