
Microsoft Visual Studio Solution File, Format Version 12.00
Project("{2150E333-8FDC-42A3-9474-1A3956D46DE8}") = "Src", "Src", "{D4B6154F-7AD8-4F90-BFAB-59D45393170E}"
EndProject
Project("{FAE04EC0-301F-11D3-BF4B-00C04F79EFBC}") = "IksAdmin", "Src\IksAdmin\IksAdmin.csproj", "{6534E99D-A575-4023-A728-8E7133B69394}"
EndProject
Project("{FAE04EC0-301F-11D3-BF4B-00C04F79EFBC}") = "IksAdmin.Api", "Src\IksAdmin.Api\IksAdmin.Api.csproj", "{15194133-F205-452D-B4B5-AA8C1655C150}"
EndProject
Project("{FAE04EC0-301F-11D3-BF4B-00C04F79EFBC}") = "IksAdmin.Api.Application", "Src\IksAdmin.Api.Application\IksAdmin.Api.Application.csproj", "{8E12F4BD-95E4-4E2B-807B-5189E5158D8D}"
EndProject
Project("{FAE04EC0-301F-11D3-BF4B-00C04F79EFBC}") = "IksAdmin.Api.Contracts", "Src\IksAdmin.Api.Contracts\IksAdmin.Api.Contracts.csproj", "{9103F25A-2D3C-452D-80C4-D431CC458A1B}"
EndProject
Project("{FAE04EC0-301F-11D3-BF4B-00C04F79EFBC}") = "IksAdmin.Api.Entities", "Src\IksAdmin.Api.Entities\IksAdmin.Api.Entities.csproj", "{9A233307-ECD3-4002-8A6D-C8846CED154B}"
EndProject
Project("{FAE04EC0-301F-11D3-BF4B-00C04F79EFBC}") = "XUtils", "Src\XUtils\XUtils.csproj", "{5553F525-F717-4474-A764-7A5219FF3870}"
EndProject
Global
	GlobalSection(SolutionConfigurationPlatforms) = preSolution
		Debug|Any CPU = Debug|Any CPU
		Release|Any CPU = Release|Any CPU
	EndGlobalSection
	GlobalSection(NestedProjects) = preSolution
		{6534E99D-A575-4023-A728-8E7133B69394} = {D4B6154F-7AD8-4F90-BFAB-59D45393170E}
		{15194133-F205-452D-B4B5-AA8C1655C150} = {D4B6154F-7AD8-4F90-BFAB-59D45393170E}
		{8E12F4BD-95E4-4E2B-807B-5189E5158D8D} = {D4B6154F-7AD8-4F90-BFAB-59D45393170E}
		{9103F25A-2D3C-452D-80C4-D431CC458A1B} = {D4B6154F-7AD8-4F90-BFAB-59D45393170E}
		{9A233307-ECD3-4002-8A6D-C8846CED154B} = {D4B6154F-7AD8-4F90-BFAB-59D45393170E}
		{5553F525-F717-4474-A764-7A5219FF3870} = {D4B6154F-7AD8-4F90-BFAB-59D45393170E}
	EndGlobalSection
	GlobalSection(ProjectConfigurationPlatforms) = postSolution
		{6534E99D-A575-4023-A728-8E7133B69394}.Debug|Any CPU.ActiveCfg = Debug|Any CPU
		{6534E99D-A575-4023-A728-8E7133B69394}.Debug|Any CPU.Build.0 = Debug|Any CPU
		{6534E99D-A575-4023-A728-8E7133B69394}.Release|Any CPU.ActiveCfg = Release|Any CPU
		{6534E99D-A575-4023-A728-8E7133B69394}.Release|Any CPU.Build.0 = Release|Any CPU
		{15194133-F205-452D-B4B5-AA8C1655C150}.Debug|Any CPU.ActiveCfg = Debug|Any CPU
		{15194133-F205-452D-B4B5-AA8C1655C150}.Debug|Any CPU.Build.0 = Debug|Any CPU
		{15194133-F205-452D-B4B5-AA8C1655C150}.Release|Any CPU.ActiveCfg = Release|Any CPU
		{15194133-F205-452D-B4B5-AA8C1655C150}.Release|Any CPU.Build.0 = Release|Any CPU
		{8E12F4BD-95E4-4E2B-807B-5189E5158D8D}.Debug|Any CPU.ActiveCfg = Debug|Any CPU
		{8E12F4BD-95E4-4E2B-807B-5189E5158D8D}.Debug|Any CPU.Build.0 = Debug|Any CPU
		{8E12F4BD-95E4-4E2B-807B-5189E5158D8D}.Release|Any CPU.ActiveCfg = Release|Any CPU
		{8E12F4BD-95E4-4E2B-807B-5189E5158D8D}.Release|Any CPU.Build.0 = Release|Any CPU
		{9103F25A-2D3C-452D-80C4-D431CC458A1B}.Debug|Any CPU.ActiveCfg = Debug|Any CPU
		{9103F25A-2D3C-452D-80C4-D431CC458A1B}.Debug|Any CPU.Build.0 = Debug|Any CPU
		{9103F25A-2D3C-452D-80C4-D431CC458A1B}.Release|Any CPU.ActiveCfg = Release|Any CPU
		{9103F25A-2D3C-452D-80C4-D431CC458A1B}.Release|Any CPU.Build.0 = Release|Any CPU
		{9A233307-ECD3-4002-8A6D-C8846CED154B}.Debug|Any CPU.ActiveCfg = Debug|Any CPU
		{9A233307-ECD3-4002-8A6D-C8846CED154B}.Debug|Any CPU.Build.0 = Debug|Any CPU
		{9A233307-ECD3-4002-8A6D-C8846CED154B}.Release|Any CPU.ActiveCfg = Release|Any CPU
		{9A233307-ECD3-4002-8A6D-C8846CED154B}.Release|Any CPU.Build.0 = Release|Any CPU
		{5553F525-F717-4474-A764-7A5219FF3870}.Debug|Any CPU.ActiveCfg = Debug|Any CPU
		{5553F525-F717-4474-A764-7A5219FF3870}.Debug|Any CPU.Build.0 = Debug|Any CPU
		{5553F525-F717-4474-A764-7A5219FF3870}.Release|Any CPU.ActiveCfg = Release|Any CPU
		{5553F525-F717-4474-A764-7A5219FF3870}.Release|Any CPU.Build.0 = Release|Any CPU
	EndGlobalSection
EndGlobal
